Microsoft Visual Studio Solution File, Format Version 12.00
# Visual Studio Version 17
VisualStudioVersion = 17.5.2.0
MinimumVisualStudioVersion = 10.0.40219.1
Project("{FAE04EC0-301F-11D3-BF4B-00C04F79EFBC}") = "FleetManagementApi", "FleetManagementApi.csproj", "{67610657-52B8-89A3-736E-0FF15AA513EC}"
EndProject
Global
	GlobalSection(SolutionConfigurationPlatforms) = preSolution
		Debug|Any CPU = Debug|Any CPU
		Release|Any CPU = Release|Any CPU
	EndGlobalSection
	GlobalSection(ProjectConfigurationPlatforms) = postSolution
		{67610657-52B8-89A3-736E-0FF15AA513EC}.Debug|Any CPU.ActiveCfg = Debug|Any CPU
		{67610657-52B8-89A3-736E-0FF15AA513EC}.Debug|Any CPU.Build.0 = Debug|Any CPU
		{67610657-52B8-89A3-736E-0FF15AA513EC}.Release|Any CPU.ActiveCfg = Release|Any CPU
		{67610657-52B8-89A3-736E-0FF15AA513EC}.Release|Any CPU.Build.0 = Release|Any CPU
	EndGlobalSection
	GlobalSection(SolutionProperties) = preSolution
		HideSolutionNode = FALSE
	EndGlobalSection
	GlobalSection(ExtensibilityGlobals) = postSolution
		SolutionGuid = {618E1952-90CF-450D-9650-9C2EB5C5BA21}
	EndGlobalSection
EndGlobal
